
Microsoft Visual Studio Solution File, Format Version 12.00
# Visual Studio Version 17
VisualStudioVersion = 17.9.34728.123
MinimumVisualStudioVersion = 10.0.40219.1
Project("{FAE04EC0-301F-11D3-BF4B-00C04F79EFBC}") = "DoodleJumpClone", "DoodleJumpClone\DoodleJumpClone.csproj", "{869F6DB3-30AD-4477-9073-4245174C5900}"
EndProject
Global
	GlobalSection(SolutionConfigurationPlatforms) = preSolution
		Debug|Any CPU = Debug|Any CPU
		Release|Any CPU = Release|Any CPU
	EndGlobalSection
	GlobalSection(ProjectConfigurationPlatforms) = postSolution
		{869F6DB3-30AD-4477-9073-4245174C5900}.Debug|Any CPU.ActiveCfg = Debug|Any CPU
		{869F6DB3-30AD-4477-9073-4245174C5900}.Debug|Any CPU.Build.0 = Debug|Any CPU
		{869F6DB3-30AD-4477-9073-4245174C5900}.Release|Any CPU.ActiveCfg = Release|Any CPU
		{869F6DB3-30AD-4477-9073-4245174C5900}.Release|Any CPU.Build.0 = Release|Any CPU
	EndGlobalSection
	GlobalSection(SolutionProperties) = preSolution
		HideSolutionNode = FALSE
	EndGlobalSection
	GlobalSection(ExtensibilityGlobals) = postSolution
		SolutionGuid = {5A2D8FC3-2F2B-47BE-9A58-13E1C98FECB9}
	EndGlobalSection
EndGlobal
